
Microsoft Visual Studio Solution File, Format Version 12.00
# Visual Studio Version 16
VisualStudioVersion = 16.0.30621.155
MinimumVisualStudioVersion = 10.0.40219.1
Project("{FAE04EC0-301F-11D3-BF4B-00C04F79EFBC}") = "MVCControllerDemo", "MVCControllerDemo\MVCControllerDemo.csproj", "{411008D5-B568-4F51-A8C2-C85429032BB4}"
EndProject
Global
	GlobalSection(SolutionConfigurationPlatforms) = preSolution
		Debug|Any CPU = Debug|Any CPU
		Release|Any CPU = Release|Any CPU
	EndGlobalSection
	GlobalSection(ProjectConfigurationPlatforms) = postSolution
		{411008D5-B568-4F51-A8C2-C85429032BB4}.Debug|Any CPU.ActiveCfg = Debug|Any CPU
		{411008D5-B568-4F51-A8C2-C85429032BB4}.Debug|Any CPU.Build.0 = Debug|Any CPU
		{411008D5-B568-4F51-A8C2-C85429032BB4}.Release|Any CPU.ActiveCfg = Release|Any CPU
		{411008D5-B568-4F51-A8C2-C85429032BB4}.Release|Any CPU.Build.0 = Release|Any CPU
	EndGlobalSection
	GlobalSection(SolutionProperties) = preSolution
		HideSolutionNode = FALSE
	EndGlobalSection
	GlobalSection(ExtensibilityGlobals) = postSolution
		SolutionGuid = {F0EB3E52-5F60-44E7-A73A-BF859D072D0C}
	EndGlobalSection
EndGlobal
